{
  "name": "angular-spring-batch",
  "version": "4.0.15",
  "lockfileVersion": 2,
  "requires": true,
  "packages": {
    "": {
      "name": "angular-spring-batch",
      "version": "4.0.15",
      "license": "Apache-2.0",
      "dependencies": {
        "class-transformer": "^0.5.1",
        "ngx-mask": "^13.1.3",
        "reflect-metadata": "^0.1.13",
        "tslib": "^2.3.0"
      },
      "peerDependencies": {
        "@angular/common": "13.3.0",
        "@angular/core": "13.3.0",
        "@fortawesome/angular-fontawesome": "^0.10.2",
        "@fortawesome/fontawesome-svg-core": "^1.2.36",
        "@fortawesome/free-solid-svg-icons": "^5.15.4",
        "bootstrap": "^4.6.1"
      }
    },
    "node_modules/@angular/common": {
      "version": "13.3.0",
      "resolved": "https://registry.npmjs.org/@angular/common/-/common-13.3.0.tgz",
      "integrity": "sha512-yl09TWBmz++Z3MKjzZIwU2wZHiedCn1DjGILjjNXegHFOfINRHiqLhHca4kGWFcTsdvcuEhd9Hk9JATqi45rjg==",
      "peer": true,
      "dependencies": {
        "tslib": "^2.3.0"
      },
      "engines": {
        "node": "^12.20.0 || ^14.15.0 || >=16.10.0"
      },
      "peerDependencies": {
        "@angular/core": "13.3.0",
        "rxjs": "^6.5.3 || ^7.4.0"
      }
    },
    "node_modules/@angular/core": {
      "version": "13.3.0",
      "resolved": "https://registry.npmjs.org/@angular/core/-/core-13.3.0.tgz",
      "integrity": "sha512-ZnuIMEK8YFBtthNqrxapYolMp6qRy4Yp/VG+M11YNiuBp/BoYYDjTaknwO8vu36Cn6372zWjcibsknkZMjdBkg==",
      "peer": true,
      "dependencies": {
        "tslib": "^2.3.0"
      },
      "engines": {
        "node": "^12.20.0 || ^14.15.0 || >=16.10.0"
      },
      "peerDependencies": {
        "rxjs": "^6.5.3 || ^7.4.0",
        "zone.js": "~0.11.4"
      }
    },
    "node_modules/@angular/forms": {
      "version": "13.3.0",
      "resolved": "https://registry.npmjs.org/@angular/forms/-/forms-13.3.0.tgz",
      "integrity": "sha512-eBySo+B3/AV+p3SmD15Tg41N+SoxYPyqGnlCTR+jSrFis5ZZNWf0kKpIKhJhW2taRq6K+1o3KcA0W9bnphrZDQ==",
      "peer": true,
      "dependencies": {
        "tslib": "^2.3.0"
      },
      "engines": {
        "node": "^12.20.0 || ^14.15.0 || >=16.10.0"
      },
      "peerDependencies": {
        "@angular/common": "13.3.0",
        "@angular/core": "13.3.0",
        "@angular/platform-browser": "13.3.0",
        "rxjs": "^6.5.3 || ^7.4.0"
      }
    },
    "node_modules/@angular/platform-browser": {
      "version": "13.3.0",
      "resolved": "https://registry.npmjs.org/@angular/platform-browser/-/platform-browser-13.3.0.tgz",
      "integrity": "sha512-OgNVgRtqTPxzItZbJVe4NmSYKDLEKQYjGulStWl4ycQTsOKteF+sJi8gU5BvEU/KQNZItYnIQxMqTsFyS7xlRQ==",
      "peer": true,
      "dependencies": {
        "tslib": "^2.3.0"
      },
      "engines": {
        "node": "^12.20.0 || ^14.15.0 || >=16.10.0"
      },
      "peerDependencies": {
        "@angular/animations": "13.3.0",
        "@angular/common": "13.3.0",
        "@angular/core": "13.3.0"
      },
      "peerDependenciesMeta": {
        "@angular/animations": {
          "optional": true
        }
      }
    },
    "node_modules/@fortawesome/angular-fontawesome": {
      "version": "0.10.2",
      "license": "MIT",
      "peer": true,
      "dependencies": {
        "tslib": "^2.3.1"
      },
      "peerDependencies": {
        "@fortawesome/fontawesome-svg-core": "~1.2.27 || ~1.3.0-beta2 || ^6.1.0"
      }
    },
    "node_modules/@fortawesome/fontawesome-common-types": {
      "version": "0.2.36",
      "hasInstallScript": true,
      "license": "MIT",
      "peer": true,
      "engines": {
        "node": ">=6"
      }
    },
    "node_modules/@fortawesome/fontawesome-svg-core": {
      "version": "1.2.36",
      "hasInstallScript": true,
      "license": "MIT",
      "peer": true,
      "dependencies": {
        "@fortawesome/fontawesome-common-types": "^0.2.36"
      },
      "engines": {
        "node": ">=6"
      }
    },
    "node_modules/@fortawesome/free-solid-svg-icons": {
      "version": "5.15.4",
      "hasInstallScript": true,
      "license": "(CC-BY-4.0 AND MIT)",
      "peer": true,
      "dependencies": {
        "@fortawesome/fontawesome-common-types": "^0.2.36"
      },
      "engines": {
        "node": ">=6"
      }
    },
    "node_modules/bootstrap": {
      "version": "4.6.1",
      "license": "MIT",
      "peer": true,
      "funding": {
        "type": "opencollective",
        "url": "https://opencollective.com/bootstrap"
      },
      "peerDependencies": {
        "jquery": "1.9.1 - 3",
        "popper.js": "^1.16.1"
      }
    },
    "node_modules/class-transformer": {
      "version": "0.5.1",
      "resolved": "https://registry.npmjs.org/class-transformer/-/class-transformer-0.5.1.tgz",
      "integrity": "sha512-SQa1Ws6hUbfC98vKGxZH3KFY0Y1lm5Zm0SY8XX9zbK7FJCyVEac3ATW0RIpwzW+oOfmHE5PMPufDG9hCfoEOMw=="
    },
    "node_modules/jquery": {
      "version": "3.6.0",
      "license": "MIT",
      "peer": true
    },
    "node_modules/ngx-mask": {
      "version": "13.1.3",
      "resolved": "https://registry.npmjs.org/ngx-mask/-/ngx-mask-13.1.3.tgz",
      "integrity": "sha512-vrb7EYY9fBRQ+NckJQ8fQU1zdvWDthUoJajGUGaitrEMoI5gimtdIqtdUdZClcW9fCN2qOVuNUtu8yB5n2o7rw==",
      "dependencies": {
        "tslib": "^2.3.0"
      },
      "peerDependencies": {
        "@angular/common": ">=10.0.0",
        "@angular/core": ">=10.0.0",
        "@angular/forms": ">=10.0.0"
      }
    },
    "node_modules/popper.js": {
      "version": "1.16.1",
      "license": "MIT",
      "peer": true,
      "funding": {
        "type": "opencollective",
        "url": "https://opencollective.com/popperjs"
      }
    },
    "node_modules/reflect-metadata": {
      "version": "0.1.13",
      "resolved": "https://registry.npmjs.org/reflect-metadata/-/reflect-metadata-0.1.13.tgz",
      "integrity": "sha512-Ts1Y/anZELhSsjMcU605fU9RE4Oi3p5ORujwbIKXfWa+0Zxs510Qrmrce5/Jowq3cHSZSJqBjypxmHarc+vEWg=="
    },
    "node_modules/rxjs": {
      "version": "7.5.5",
      "resolved": "https://registry.npmjs.org/rxjs/-/rxjs-7.5.5.tgz",
      "integrity": "sha512-sy+H0pQofO95VDmFLzyaw9xNJU4KTRSwQIGM6+iG3SypAtCiLDzpeG8sJrNCWn2Up9km+KhkvTdbkrdy+yzZdw==",
      "peer": true,
      "dependencies": {
        "tslib": "^2.1.0"
      }
    },
    "node_modules/tslib": {
      "version": "2.3.1",
      "license": "0BSD"
    },
    "node_modules/zone.js": {
      "version": "0.11.5",
      "resolved": "https://registry.npmjs.org/zone.js/-/zone.js-0.11.5.tgz",
      "integrity": "sha512-D1/7VxEuQ7xk6z/kAROe4SUbd9CzxY4zOwVGnGHerd/SgLIVU5f4esDzQUsOCeArn933BZfWMKydH7l7dPEp0g==",
      "peer": true,
      "dependencies": {
        "tslib": "^2.3.0"
      }
    }
  },
  "dependencies": {
    "@angular/common": {
      "version": "13.3.0",
      "resolved": "https://registry.npmjs.org/@angular/common/-/common-13.3.0.tgz",
      "integrity": "sha512-yl09TWBmz++Z3MKjzZIwU2wZHiedCn1DjGILjjNXegHFOfINRHiqLhHca4kGWFcTsdvcuEhd9Hk9JATqi45rjg==",
      "peer": true,
      "requires": {
        "tslib": "^2.3.0"
      }
    },
    "@angular/core": {
      "version": "13.3.0",
      "resolved": "https://registry.npmjs.org/@angular/core/-/core-13.3.0.tgz",
      "integrity": "sha512-ZnuIMEK8YFBtthNqrxapYolMp6qRy4Yp/VG+M11YNiuBp/BoYYDjTaknwO8vu36Cn6372zWjcibsknkZMjdBkg==",
      "peer": true,
      "requires": {
        "tslib": "^2.3.0"
      }
    },
    "@angular/forms": {
      "version": "13.3.0",
      "resolved": "https://registry.npmjs.org/@angular/forms/-/forms-13.3.0.tgz",
      "integrity": "sha512-eBySo+B3/AV+p3SmD15Tg41N+SoxYPyqGnlCTR+jSrFis5ZZNWf0kKpIKhJhW2taRq6K+1o3KcA0W9bnphrZDQ==",
      "peer": true,
      "requires": {
        "tslib": "^2.3.0"
      }
    },
    "@angular/platform-browser": {
      "version": "13.3.0",
      "resolved": "https://registry.npmjs.org/@angular/platform-browser/-/platform-browser-13.3.0.tgz",
      "integrity": "sha512-OgNVgRtqTPxzItZbJVe4NmSYKDLEKQYjGulStWl4ycQTsOKteF+sJi8gU5BvEU/KQNZItYnIQxMqTsFyS7xlRQ==",
      "peer": true,
      "requires": {
        "tslib": "^2.3.0"
      }
    },
    "@fortawesome/angular-fontawesome": {
      "version": "0.10.2",
      "peer": true,
      "requires": {
        "tslib": "^2.3.1"
      }
    },
    "@fortawesome/fontawesome-common-types": {
      "version": "0.2.36",
      "peer": true
    },
    "@fortawesome/fontawesome-svg-core": {
      "version": "1.2.36",
      "peer": true,
      "requires": {
        "@fortawesome/fontawesome-common-types": "^0.2.36"
      }
    },
    "@fortawesome/free-solid-svg-icons": {
      "version": "5.15.4",
      "peer": true,
      "requires": {
        "@fortawesome/fontawesome-common-types": "^0.2.36"
      }
    },
    "bootstrap": {
      "version": "4.6.1",
      "peer": true,
      "requires": {}
    },
    "class-transformer": {
      "version": "0.5.1",
      "resolved": "https://registry.npmjs.org/class-transformer/-/class-transformer-0.5.1.tgz",
      "integrity": "sha512-SQa1Ws6hUbfC98vKGxZH3KFY0Y1lm5Zm0SY8XX9zbK7FJCyVEac3ATW0RIpwzW+oOfmHE5PMPufDG9hCfoEOMw=="
    },
    "jquery": {
      "version": "3.6.0",
      "peer": true
    },
    "ngx-mask": {
      "version": "13.1.3",
      "resolved": "https://registry.npmjs.org/ngx-mask/-/ngx-mask-13.1.3.tgz",
      "integrity": "sha512-vrb7EYY9fBRQ+NckJQ8fQU1zdvWDthUoJajGUGaitrEMoI5gimtdIqtdUdZClcW9fCN2qOVuNUtu8yB5n2o7rw==",
      "requires": {
        "tslib": "^2.3.0"
      }
    },
    "popper.js": {
      "version": "1.16.1",
      "peer": true
    },
    "reflect-metadata": {
      "version": "0.1.13",
      "resolved": "https://registry.npmjs.org/reflect-metadata/-/reflect-metadata-0.1.13.tgz",
      "integrity": "sha512-Ts1Y/anZELhSsjMcU605fU9RE4Oi3p5ORujwbIKXfWa+0Zxs510Qrmrce5/Jowq3cHSZSJqBjypxmHarc+vEWg=="
    },
    "rxjs": {
      "version": "7.5.5",
      "resolved": "https://registry.npmjs.org/rxjs/-/rxjs-7.5.5.tgz",
      "integrity": "sha512-sy+H0pQofO95VDmFLzyaw9xNJU4KTRSwQIGM6+iG3SypAtCiLDzpeG8sJrNCWn2Up9km+KhkvTdbkrdy+yzZdw==",
      "peer": true,
      "requires": {
        "tslib": "^2.1.0"
      }
    },
    "tslib": {
      "version": "2.3.1"
    },
    "zone.js": {
      "version": "0.11.5",
      "resolved": "https://registry.npmjs.org/zone.js/-/zone.js-0.11.5.tgz",
      "integrity": "sha512-D1/7VxEuQ7xk6z/kAROe4SUbd9CzxY4zOwVGnGHerd/SgLIVU5f4esDzQUsOCeArn933BZfWMKydH7l7dPEp0g==",
      "peer": true,
      "requires": {
        "tslib": "^2.3.0"
      }
    }
  }
}
